
Microsoft Visual Studio Solution File, Format Version 12.00
# Visual Studio 14
VisualStudioVersion = 14.0.25420.1
MinimumVisualStudioVersion = 10.0.40219.1
Project("{FAE04EC0-301F-11D3-BF4B-00C04F79EFBC}") = "BrandoSoft.CSharp.Evaluator", "BrandoSoft.CSharp.Evaluator\BrandoSoft.CSharp.Evaluator.csproj", "{24C32166-A218-40C9-AE43-3D3A43A75BBF}"
EndProject
Project("{FAE04EC0-301F-11D3-BF4B-00C04F79EFBC}") = "BrandoSoft.CSharp.Evaluator.UI.Winforms", "BrandoSoft.CSharp.Evaluator.UI.Winforms\BrandoSoft.CSharp.Evaluator.UI.Winforms.csproj", "{06B4973A-B12D-42F1-BB57-26FC398D5DEC}"
EndProject
Project("{FAE04EC0-301F-11D3-BF4B-00C04F79EFBC}") = "BrandoSoft.CSharp.Evaluator.Test", "BrandoSoft.CSharp.Evaluator.Test\BrandoSoft.CSharp.Evaluator.Test.csproj", "{DBB94073-F31D-4F65-98BD-1DC394E8C39D}"
EndProject
Project("{FAE04EC0-301F-11D3-BF4B-00C04F79EFBC}") = "WindowsFormsApplication1", "WindowsFormsApplication1\WindowsFormsApplication1.csproj", "{95542759-1943-48CD-904B-028D19D0999B}"
EndProject
Global
	GlobalSection(SolutionConfigurationPlatforms) = preSolution
		Debug|Any CPU = Debug|Any CPU
		Release|Any CPU = Release|Any CPU
	EndGlobalSection
	GlobalSection(ProjectConfigurationPlatforms) = postSolution
		{24C32166-A218-40C9-AE43-3D3A43A75BBF}.Debug|Any CPU.ActiveCfg = Debug|Any CPU
		{24C32166-A218-40C9-AE43-3D3A43A75BBF}.Debug|Any CPU.Build.0 = Debug|Any CPU
		{24C32166-A218-40C9-AE43-3D3A43A75BBF}.Release|Any CPU.ActiveCfg = Release|Any CPU
		{24C32166-A218-40C9-AE43-3D3A43A75BBF}.Release|Any CPU.Build.0 = Release|Any CPU
		{06B4973A-B12D-42F1-BB57-26FC398D5DEC}.Debug|Any CPU.ActiveCfg = Debug|Any CPU
		{06B4973A-B12D-42F1-BB57-26FC398D5DEC}.Debug|Any CPU.Build.0 = Debug|Any CPU
		{06B4973A-B12D-42F1-BB57-26FC398D5DEC}.Release|Any CPU.ActiveCfg = Release|Any CPU
		{06B4973A-B12D-42F1-BB57-26FC398D5DEC}.Release|Any CPU.Build.0 = Release|Any CPU
		{DBB94073-F31D-4F65-98BD-1DC394E8C39D}.Debug|Any CPU.ActiveCfg = Debug|Any CPU
		{DBB94073-F31D-4F65-98BD-1DC394E8C39D}.Debug|Any CPU.Build.0 = Debug|Any CPU
		{DBB94073-F31D-4F65-98BD-1DC394E8C39D}.Release|Any CPU.ActiveCfg = Release|Any CPU
		{DBB94073-F31D-4F65-98BD-1DC394E8C39D}.Release|Any CPU.Build.0 = Release|Any CPU
		{95542759-1943-48CD-904B-028D19D0999B}.Debug|Any CPU.ActiveCfg = Debug|Any CPU
		{95542759-1943-48CD-904B-028D19D0999B}.Debug|Any CPU.Build.0 = Debug|Any CPU
		{95542759-1943-48CD-904B-028D19D0999B}.Release|Any CPU.ActiveCfg = Release|Any CPU
		{95542759-1943-48CD-904B-028D19D0999B}.Release|Any CPU.Build.0 = Release|Any CPU
	EndGlobalSection
	GlobalSection(SolutionProperties) = preSolution
		HideSolutionNode = FALSE
	EndGlobalSection
EndGlobal
